
Microsoft Visual Studio Solution File, Format Version 12.00
# Visual Studio 15
VisualStudioVersion = 15.0.26730.16
MinimumVisualStudioVersion = 10.0.40219.1
Project("{FAE04EC0-301F-11D3-BF4B-00C04F79EFBC}") = "PDFCleanupTool", "PDFCleanupTool.csproj", "{7C8CBED3-B02F-48D6-B784-2D29B6B75D56}"
EndProject
Global
	GlobalSection(SolutionConfigurationPlatforms) = preSolution
		Debug|Any CPU = Debug|Any CPU
		Release|Any CPU = Release|Any CPU
	EndGlobalSection
	GlobalSection(ProjectConfigurationPlatforms) = postSolution
		{7C8CBED3-B02F-48D6-B784-2D29B6B75D56}.Debug|Any CPU.ActiveCfg = Debug|Any CPU
		{7C8CBED3-B02F-48D6-B784-2D29B6B75D56}.Debug|Any CPU.Build.0 = Debug|Any CPU
		{7C8CBED3-B02F-48D6-B784-2D29B6B75D56}.Release|Any CPU.ActiveCfg = Release|Any CPU
		{7C8CBED3-B02F-48D6-B784-2D29B6B75D56}.Release|Any CPU.Build.0 = Release|Any CPU
	EndGlobalSection
	GlobalSection(SolutionProperties) = preSolution
		HideSolutionNode = FALSE
	EndGlobalSection
	GlobalSection(ExtensibilityGlobals) = postSolution
		SolutionGuid = {80720593-5B51-4F3A-A3D3-1F482127F5DD}
	EndGlobalSection
EndGlobal
